
Microsoft Visual Studio Solution File, Format Version 12.00
# Visual Studio Version 17
VisualStudioVersion = 17.5.002.0
MinimumVisualStudioVersion = 10.0.40219.1
Project("{2150E333-8FDC-42A3-9474-1A3956D46DE8}") = "prototypes", "prototypes", "{914BEF4C-7878-4CDB-968D-26F4BDB4B9A0}"
EndProject
Project("{9A19103F-16F7-4668-BE54-9A1E7A4F7556}") = "Extract", "prototypes\extractGraphModel\Extract.csproj", "{3C28D3CF-D189-47E0-92F5-067CA26B8EAB}"
EndProject
Global
	GlobalSection(SolutionConfigurationPlatforms) = preSolution
		Debug|Any CPU = Debug|Any CPU
		Release|Any CPU = Release|Any CPU
	EndGlobalSection
	GlobalSection(ProjectConfigurationPlatforms) = postSolution
		{3C28D3CF-D189-47E0-92F5-067CA26B8EAB}.Debug|Any CPU.ActiveCfg = Debug|Any CPU
		{3C28D3CF-D189-47E0-92F5-067CA26B8EAB}.Debug|Any CPU.Build.0 = Debug|Any CPU
		{3C28D3CF-D189-47E0-92F5-067CA26B8EAB}.Release|Any CPU.ActiveCfg = Release|Any CPU
		{3C28D3CF-D189-47E0-92F5-067CA26B8EAB}.Release|Any CPU.Build.0 = Release|Any CPU
	EndGlobalSection
	GlobalSection(SolutionProperties) = preSolution
		HideSolutionNode = FALSE
	EndGlobalSection
	GlobalSection(NestedProjects) = preSolution
		{3C28D3CF-D189-47E0-92F5-067CA26B8EAB} = {914BEF4C-7878-4CDB-968D-26F4BDB4B9A0}
	EndGlobalSection
	GlobalSection(ExtensibilityGlobals) = postSolution
		SolutionGuid = {F03FE0BB-4F29-40B7-BD91-7974644BF852}
	EndGlobalSection
EndGlobal
